
Microsoft Visual Studio Solution File, Format Version 12.00
# Visual Studio Version 16
VisualStudioVersion = 16.0.29306.81
MinimumVisualStudioVersion = 10.0.40219.1
Project("{2150E333-8FDC-42A3-9474-1A3956D46DE8}") = "Source", "Source", "{0D956E4C-8DDF-42D9-9669-F4CEB7A68370}"
	ProjectSection(SolutionItems) = preProject
		GlobalAssemblyInfo.cs = GlobalAssemblyInfo.cs
		hkh.snk = hkh.snk
	EndProjectSection
EndProject
Project("{2150E333-8FDC-42A3-9474-1A3956D46DE8}") = "DataProvider", "DataProvider", "{DE1B1174-9D3B-439A-8D2C-C08E49A91ED7}"
EndProject
Project("{FAE04EC0-301F-11D3-BF4B-00C04F79EFBC}") = "HKH.Common", "HKH.Common\HKH.Common.csproj", "{33279F0B-E19C-4913-A367-62486897E6AF}"
EndProject
Project("{FAE04EC0-301F-11D3-BF4B-00C04F79EFBC}") = "HKH.Tools", "HKH.Tools\HKH.Tools.csproj", "{387F44C5-C8C4-4F3B-A3B5-51561A4C4FF3}"
EndProject
Project("{FAE04EC0-301F-11D3-BF4B-00C04F79EFBC}") = "HKH.WCF", "HKH.WCF\HKH.WCF.csproj", "{D3386CF5-689E-4F68-A567-35A4C8AAC947}"
EndProject
Project("{FAE04EC0-301F-11D3-BF4B-00C04F79EFBC}") = "HKH.DataProvider", "DataProvider\HKH.DataProvider\HKH.DataProvider.csproj", "{F9F8E166-54F4-42C3-8FEE-714F57F90BE3}"
EndProject
Project("{FAE04EC0-301F-11D3-BF4B-00C04F79EFBC}") = "HKH.DataProvider.EncryptTool", "DataProvider\HKH.DataProvider.EncryptTool\HKH.DataProvider.EncryptTool.csproj", "{3C030CEA-8377-4126-A71F-BF788924ED1D}"
EndProject
Project("{FAE04EC0-301F-11D3-BF4B-00C04F79EFBC}") = "HKH.DataProvider.Dapper", "DataProvider\HKH.DataProvider.Dapper\HKH.DataProvider.Dapper.csproj", "{C9743F55-6874-4B4A-9E97-01F423E60DCC}"
EndProject
Project("{2150E333-8FDC-42A3-9474-1A3956D46DE8}") = "Solution Items", "Solution Items", "{06A8A419-5318-48EA-BB73-1078478AF5AE}"
	ProjectSection(SolutionItems) = preProject
		HKHProjects.vsmdi = HKHProjects.vsmdi
		Local.testsettings = Local.testsettings
		TraceAndTestImpact.testsettings = TraceAndTestImpact.testsettings
	EndProjectSection
EndProject
Project("{2150E333-8FDC-42A3-9474-1A3956D46DE8}") = "UnitTest", "UnitTest", "{3903CE9B-DDB1-4EB2-9DC3-877066365113}"
EndProject
Project("{FAE04EC0-301F-11D3-BF4B-00C04F79EFBC}") = "HKH.Common.Test", "UnitTest\HKH.Common.Test\HKH.Common.Test.csproj", "{1886DE59-3F0C-4E23-AC92-C54300CFCC74}"
EndProject
Project("{FAE04EC0-301F-11D3-BF4B-00C04F79EFBC}") = "HKH.DataProvider.Test", "UnitTest\HKH.DataProvider.Test\HKH.DataProvider.Test.csproj", "{5E9B7A68-F643-4A5E-BAC3-04942E7E3716}"
EndProject
Project("{FAE04EC0-301F-11D3-BF4B-00C04F79EFBC}") = "HKH.WCF.ClientApp", "UnitTest\HKH.WCF.ClientApp\HKH.WCF.ClientApp.csproj", "{C35D2923-DD9D-441B-82A6-785586D9CDB4}"
	ProjectSection(ProjectDependencies) = postProject
		{941A72AD-2B37-492C-949A-082EE2D39E4E} = {941A72AD-2B37-492C-949A-082EE2D39E4E}
	EndProjectSection
EndProject
Project("{FAE04EC0-301F-11D3-BF4B-00C04F79EFBC}") = "HKH.WCF.ServiceHost", "UnitTest\HKH.WCF.ServiceHost\HKH.WCF.ServiceHost.csproj", "{D65F18F3-E422-4D5D-B4FC-0FB04ABDC67F}"
EndProject
Project("{FAE04EC0-301F-11D3-BF4B-00C04F79EFBC}") = "HKH.Tasks", "HKH.Tasks\HKH.Tasks.csproj", "{F3BAD49C-155D-4F32-A4BE-13C8C4DFB454}"
EndProject
Project("{FAE04EC0-301F-11D3-BF4B-00C04F79EFBC}") = "HKH.AOP", "HKH.AOP\HKH.AOP.csproj", "{A867F45D-D370-4B42-AAEA-10742CE8EFF7}"
EndProject
Project("{FAE04EC0-301F-11D3-BF4B-00C04F79EFBC}") = "Unity.Web", "Unity.Web\Unity.Web.csproj", "{A922A0FB-9FA5-4C0B-9E83-7C439CB4982D}"
EndProject
Project("{FAE04EC0-301F-11D3-BF4B-00C04F79EFBC}") = "HKH.ConfigurationEditor", "HKH.ConfigurationEditor\HKH.ConfigurationEditor.csproj", "{764EE1A8-8D57-49AB-9FBB-AD9DA677AD41}"
EndProject
Project("{FAE04EC0-301F-11D3-BF4B-00C04F79EFBC}") = "HKH.WCF.IISHost", "UnitTest\HKH.WCF.IISHost\HKH.WCF.IISHost.csproj", "{941A72AD-2B37-492C-949A-082EE2D39E4E}"
EndProject
Project("{FAE04EC0-301F-11D3-BF4B-00C04F79EFBC}") = "HKH.CSV", "HKH.CSV\HKH.CSV.csproj", "{ACB95BEA-F7BB-4B08-9737-D3AC0091892D}"
EndProject
Project("{FAE04EC0-301F-11D3-BF4B-00C04F79EFBC}") = "MEF.Web", "MEF.Web\MEF.Web.csproj", "{039D0620-5A88-4042-B48F-7A80F6D2A041}"
EndProject
Project("{FAE04EC0-301F-11D3-BF4B-00C04F79EFBC}") = "HKH.Exchange", "HKH.Exchange\HKH.Exchange.csproj", "{5BAA52EF-5C81-426E-B250-598EAD5903FF}"
EndProject
Project("{FAE04EC0-301F-11D3-BF4B-00C04F79EFBC}") = "HKH.Exchange.Test", "UnitTest\HKH.Exchange.Test\HKH.Exchange.Test.csproj", "{B9B9937D-6979-49F0-8F75-EEC24329EE6E}"
EndProject
Project("{FAE04EC0-301F-11D3-BF4B-00C04F79EFBC}") = "HKH.Linq.Test", "UnitTest\HKH.Linq.Test\HKH.Linq.Test.csproj", "{725E12A6-45EB-436D-A621-0A6CBFDFC045}"
EndProject
Project("{2150E333-8FDC-42A3-9474-1A3956D46DE8}") = "DapperLinq", "DapperLinq", "{727343E5-174B-49B7-BDED-1AA0A3E99638}"
	ProjectSection(SolutionItems) = preProject
		DataProvider\DapperLinq\LinqAssemblyInfo.cs = DataProvider\DapperLinq\LinqAssemblyInfo.cs
	EndProjectSection
EndProject
Project("{FAE04EC0-301F-11D3-BF4B-00C04F79EFBC}") = "HKH.Linq", "DataProvider\DapperLinq\HKH.Linq\HKH.Linq.csproj", "{2A36D9CC-B7DA-4AD6-BE1C-680471B64634}"
EndProject
Project("{FAE04EC0-301F-11D3-BF4B-00C04F79EFBC}") = "HKH.Linq.Dapper", "DataProvider\DapperLinq\HKH.Linq.Dapper\HKH.Linq.Dapper.csproj", "{7C83573F-6BF4-4034-9263-1DC889FBF832}"
EndProject
Project("{FAE04EC0-301F-11D3-BF4B-00C04F79EFBC}") = "HKH.Linq.SqlServer", "DataProvider\DapperLinq\HKH.Linq.SqlServer\HKH.Linq.SqlServer.csproj", "{0788B3BE-1AF9-4B9A-8C81-9290E0B379E2}"
EndProject
Project("{FAE04EC0-301F-11D3-BF4B-00C04F79EFBC}") = "HKH.CSV.Test", "UnitTest\HKH.CSV.Test\HKH.CSV.Test.csproj", "{E77E408F-EABC-411F-8CE4-74E43B0D0DDA}"
EndProject
Global
	GlobalSection(SolutionConfigurationPlatforms) = preSolution
		Debug|Any CPU = Debug|Any CPU
		Debug|Mixed Platforms = Debug|Mixed Platforms
		Debug|x86 = Debug|x86
		Release|Any CPU = Release|Any CPU
		Release|Mixed Platforms = Release|Mixed Platforms
		Release|x86 = Release|x86
	EndGlobalSection
	GlobalSection(ProjectConfigurationPlatforms) = postSolution
		{33279F0B-E19C-4913-A367-62486897E6AF}.Debug|Any CPU.ActiveCfg = Debug|Any CPU
		{33279F0B-E19C-4913-A367-62486897E6AF}.Debug|Any CPU.Build.0 = Debug|Any CPU
		{33279F0B-E19C-4913-A367-62486897E6AF}.Debug|Mixed Platforms.ActiveCfg = Debug|Any CPU
		{33279F0B-E19C-4913-A367-62486897E6AF}.Debug|Mixed Platforms.Build.0 = Debug|Any CPU
		{33279F0B-E19C-4913-A367-62486897E6AF}.Debug|x86.ActiveCfg = Debug|Any CPU
		{33279F0B-E19C-4913-A367-62486897E6AF}.Release|Any CPU.ActiveCfg = Release|Any CPU
		{33279F0B-E19C-4913-A367-62486897E6AF}.Release|Any CPU.Build.0 = Release|Any CPU
		{33279F0B-E19C-4913-A367-62486897E6AF}.Release|Mixed Platforms.ActiveCfg = Release|Any CPU
		{33279F0B-E19C-4913-A367-62486897E6AF}.Release|Mixed Platforms.Build.0 = Release|Any CPU
		{33279F0B-E19C-4913-A367-62486897E6AF}.Release|x86.ActiveCfg = Release|Any CPU
		{387F44C5-C8C4-4F3B-A3B5-51561A4C4FF3}.Debug|Any CPU.ActiveCfg = Debug|x86
		{387F44C5-C8C4-4F3B-A3B5-51561A4C4FF3}.Debug|Any CPU.Build.0 = Debug|x86
		{387F44C5-C8C4-4F3B-A3B5-51561A4C4FF3}.Debug|Mixed Platforms.ActiveCfg = Debug|x86
		{387F44C5-C8C4-4F3B-A3B5-51561A4C4FF3}.Debug|Mixed Platforms.Build.0 = Debug|x86
		{387F44C5-C8C4-4F3B-A3B5-51561A4C4FF3}.Debug|x86.ActiveCfg = Debug|x86
		{387F44C5-C8C4-4F3B-A3B5-51561A4C4FF3}.Debug|x86.Build.0 = Debug|x86
		{387F44C5-C8C4-4F3B-A3B5-51561A4C4FF3}.Release|Any CPU.ActiveCfg = Release|x86
		{387F44C5-C8C4-4F3B-A3B5-51561A4C4FF3}.Release|Any CPU.Build.0 = Release|x86
		{387F44C5-C8C4-4F3B-A3B5-51561A4C4FF3}.Release|Mixed Platforms.ActiveCfg = Release|x86
		{387F44C5-C8C4-4F3B-A3B5-51561A4C4FF3}.Release|Mixed Platforms.Build.0 = Release|x86
		{387F44C5-C8C4-4F3B-A3B5-51561A4C4FF3}.Release|x86.ActiveCfg = Release|x86
		{387F44C5-C8C4-4F3B-A3B5-51561A4C4FF3}.Release|x86.Build.0 = Release|x86
		{D3386CF5-689E-4F68-A567-35A4C8AAC947}.Debug|Any CPU.ActiveCfg = Debug|Any CPU
		{D3386CF5-689E-4F68-A567-35A4C8AAC947}.Debug|Any CPU.Build.0 = Debug|Any CPU
		{D3386CF5-689E-4F68-A567-35A4C8AAC947}.Debug|Mixed Platforms.ActiveCfg = Debug|Any CPU
		{D3386CF5-689E-4F68-A567-35A4C8AAC947}.Debug|Mixed Platforms.Build.0 = Debug|Any CPU
		{D3386CF5-689E-4F68-A567-35A4C8AAC947}.Debug|x86.ActiveCfg = Debug|Any CPU
		{D3386CF5-689E-4F68-A567-35A4C8AAC947}.Release|Any CPU.ActiveCfg = Release|Any CPU
		{D3386CF5-689E-4F68-A567-35A4C8AAC947}.Release|Any CPU.Build.0 = Release|Any CPU
		{D3386CF5-689E-4F68-A567-35A4C8AAC947}.Release|Mixed Platforms.ActiveCfg = Release|Any CPU
		{D3386CF5-689E-4F68-A567-35A4C8AAC947}.Release|Mixed Platforms.Build.0 = Release|Any CPU
		{D3386CF5-689E-4F68-A567-35A4C8AAC947}.Release|x86.ActiveCfg = Release|Any CPU
		{F9F8E166-54F4-42C3-8FEE-714F57F90BE3}.Debug|Any CPU.ActiveCfg = Debug|Any CPU
		{F9F8E166-54F4-42C3-8FEE-714F57F90BE3}.Debug|Any CPU.Build.0 = Debug|Any CPU
		{F9F8E166-54F4-42C3-8FEE-714F57F90BE3}.Debug|Mixed Platforms.ActiveCfg = Debug|Any CPU
		{F9F8E166-54F4-42C3-8FEE-714F57F90BE3}.Debug|Mixed Platforms.Build.0 = Debug|Any CPU
		{F9F8E166-54F4-42C3-8FEE-714F57F90BE3}.Debug|x86.ActiveCfg = Debug|Any CPU
		{F9F8E166-54F4-42C3-8FEE-714F57F90BE3}.Release|Any CPU.ActiveCfg = Release|Any CPU
		{F9F8E166-54F4-42C3-8FEE-714F57F90BE3}.Release|Any CPU.Build.0 = Release|Any CPU
		{F9F8E166-54F4-42C3-8FEE-714F57F90BE3}.Release|Mixed Platforms.ActiveCfg = Release|Any CPU
		{F9F8E166-54F4-42C3-8FEE-714F57F90BE3}.Release|Mixed Platforms.Build.0 = Release|Any CPU
		{F9F8E166-54F4-42C3-8FEE-714F57F90BE3}.Release|x86.ActiveCfg = Release|Any CPU
		{3C030CEA-8377-4126-A71F-BF788924ED1D}.Debug|Any CPU.ActiveCfg = Debug|Any CPU
		{3C030CEA-8377-4126-A71F-BF788924ED1D}.Debug|Any CPU.Build.0 = Debug|Any CPU
		{3C030CEA-8377-4126-A71F-BF788924ED1D}.Debug|Mixed Platforms.ActiveCfg = Debug|Any CPU
		{3C030CEA-8377-4126-A71F-BF788924ED1D}.Debug|Mixed Platforms.Build.0 = Debug|Any CPU
		{3C030CEA-8377-4126-A71F-BF788924ED1D}.Debug|x86.ActiveCfg = Debug|Any CPU
		{3C030CEA-8377-4126-A71F-BF788924ED1D}.Release|Any CPU.ActiveCfg = Release|Any CPU
		{3C030CEA-8377-4126-A71F-BF788924ED1D}.Release|Any CPU.Build.0 = Release|Any CPU
		{3C030CEA-8377-4126-A71F-BF788924ED1D}.Release|Mixed Platforms.ActiveCfg = Release|Any CPU
		{3C030CEA-8377-4126-A71F-BF788924ED1D}.Release|Mixed Platforms.Build.0 = Release|Any CPU
		{3C030CEA-8377-4126-A71F-BF788924ED1D}.Release|x86.ActiveCfg = Release|Any CPU
		{C9743F55-6874-4B4A-9E97-01F423E60DCC}.Debug|Any CPU.ActiveCfg = Debug|Any CPU
		{C9743F55-6874-4B4A-9E97-01F423E60DCC}.Debug|Any CPU.Build.0 = Debug|Any CPU
		{C9743F55-6874-4B4A-9E97-01F423E60DCC}.Debug|Mixed Platforms.ActiveCfg = Debug|Any CPU
		{C9743F55-6874-4B4A-9E97-01F423E60DCC}.Debug|Mixed Platforms.Build.0 = Debug|Any CPU
		{C9743F55-6874-4B4A-9E97-01F423E60DCC}.Debug|x86.ActiveCfg = Debug|Any CPU
		{C9743F55-6874-4B4A-9E97-01F423E60DCC}.Release|Any CPU.ActiveCfg = Release|Any CPU
		{C9743F55-6874-4B4A-9E97-01F423E60DCC}.Release|Any CPU.Build.0 = Release|Any CPU
		{C9743F55-6874-4B4A-9E97-01F423E60DCC}.Release|Mixed Platforms.ActiveCfg = Release|Any CPU
		{C9743F55-6874-4B4A-9E97-01F423E60DCC}.Release|Mixed Platforms.Build.0 = Release|Any CPU
		{C9743F55-6874-4B4A-9E97-01F423E60DCC}.Release|x86.ActiveCfg = Release|Any CPU
		{1886DE59-3F0C-4E23-AC92-C54300CFCC74}.Debug|Any CPU.ActiveCfg = Debug|Any CPU
		{1886DE59-3F0C-4E23-AC92-C54300CFCC74}.Debug|Any CPU.Build.0 = Debug|Any CPU
		{1886DE59-3F0C-4E23-AC92-C54300CFCC74}.Debug|Mixed Platforms.ActiveCfg = Debug|Any CPU
		{1886DE59-3F0C-4E23-AC92-C54300CFCC74}.Debug|Mixed Platforms.Build.0 = Debug|Any CPU
		{1886DE59-3F0C-4E23-AC92-C54300CFCC74}.Debug|x86.ActiveCfg = Debug|Any CPU
		{1886DE59-3F0C-4E23-AC92-C54300CFCC74}.Release|Any CPU.ActiveCfg = Release|Any CPU
		{1886DE59-3F0C-4E23-AC92-C54300CFCC74}.Release|Any CPU.Build.0 = Release|Any CPU
		{1886DE59-3F0C-4E23-AC92-C54300CFCC74}.Release|Mixed Platforms.ActiveCfg = Release|Any CPU
		{1886DE59-3F0C-4E23-AC92-C54300CFCC74}.Release|Mixed Platforms.Build.0 = Release|Any CPU
		{1886DE59-3F0C-4E23-AC92-C54300CFCC74}.Release|x86.ActiveCfg = Release|Any CPU
		{5E9B7A68-F643-4A5E-BAC3-04942E7E3716}.Debug|Any CPU.ActiveCfg = Debug|Any CPU
		{5E9B7A68-F643-4A5E-BAC3-04942E7E3716}.Debug|Any CPU.Build.0 = Debug|Any CPU
		{5E9B7A68-F643-4A5E-BAC3-04942E7E3716}.Debug|Mixed Platforms.ActiveCfg = Debug|Any CPU
		{5E9B7A68-F643-4A5E-BAC3-04942E7E3716}.Debug|Mixed Platforms.Build.0 = Debug|Any CPU
		{5E9B7A68-F643-4A5E-BAC3-04942E7E3716}.Debug|x86.ActiveCfg = Debug|Any CPU
		{5E9B7A68-F643-4A5E-BAC3-04942E7E3716}.Release|Any CPU.ActiveCfg = Release|Any CPU
		{5E9B7A68-F643-4A5E-BAC3-04942E7E3716}.Release|Any CPU.Build.0 = Release|Any CPU
		{5E9B7A68-F643-4A5E-BAC3-04942E7E3716}.Release|Mixed Platforms.ActiveCfg = Release|Any CPU
		{5E9B7A68-F643-4A5E-BAC3-04942E7E3716}.Release|Mixed Platforms.Build.0 = Release|Any CPU
		{5E9B7A68-F643-4A5E-BAC3-04942E7E3716}.Release|x86.ActiveCfg = Release|Any CPU
		{C35D2923-DD9D-441B-82A6-785586D9CDB4}.Debug|Any CPU.ActiveCfg = Debug|Any CPU
		{C35D2923-DD9D-441B-82A6-785586D9CDB4}.Debug|Any CPU.Build.0 = Debug|Any CPU
		{C35D2923-DD9D-441B-82A6-785586D9CDB4}.Debug|Mixed Platforms.ActiveCfg = Debug|Any CPU
		{C35D2923-DD9D-441B-82A6-785586D9CDB4}.Debug|Mixed Platforms.Build.0 = Debug|Any CPU
		{C35D2923-DD9D-441B-82A6-785586D9CDB4}.Debug|x86.ActiveCfg = Debug|Any CPU
		{C35D2923-DD9D-441B-82A6-785586D9CDB4}.Release|Any CPU.ActiveCfg = Release|Any CPU
		{C35D2923-DD9D-441B-82A6-785586D9CDB4}.Release|Any CPU.Build.0 = Release|Any CPU
		{C35D2923-DD9D-441B-82A6-785586D9CDB4}.Release|Mixed Platforms.ActiveCfg = Release|Any CPU
		{C35D2923-DD9D-441B-82A6-785586D9CDB4}.Release|Mixed Platforms.Build.0 = Release|Any CPU
		{C35D2923-DD9D-441B-82A6-785586D9CDB4}.Release|x86.ActiveCfg = Release|Any CPU
		{D65F18F3-E422-4D5D-B4FC-0FB04ABDC67F}.Debug|Any CPU.ActiveCfg = Debug|Any CPU
		{D65F18F3-E422-4D5D-B4FC-0FB04ABDC67F}.Debug|Any CPU.Build.0 = Debug|Any CPU
		{D65F18F3-E422-4D5D-B4FC-0FB04ABDC67F}.Debug|Mixed Platforms.ActiveCfg = Debug|Any CPU
		{D65F18F3-E422-4D5D-B4FC-0FB04ABDC67F}.Debug|Mixed Platforms.Build.0 = Debug|Any CPU
		{D65F18F3-E422-4D5D-B4FC-0FB04ABDC67F}.Debug|x86.ActiveCfg = Debug|Any CPU
		{D65F18F3-E422-4D5D-B4FC-0FB04ABDC67F}.Release|Any CPU.ActiveCfg = Release|Any CPU
		{D65F18F3-E422-4D5D-B4FC-0FB04ABDC67F}.Release|Any CPU.Build.0 = Release|Any CPU
		{D65F18F3-E422-4D5D-B4FC-0FB04ABDC67F}.Release|Mixed Platforms.ActiveCfg = Release|Any CPU
		{D65F18F3-E422-4D5D-B4FC-0FB04ABDC67F}.Release|Mixed Platforms.Build.0 = Release|Any CPU
		{D65F18F3-E422-4D5D-B4FC-0FB04ABDC67F}.Release|x86.ActiveCfg = Release|Any CPU
		{F3BAD49C-155D-4F32-A4BE-13C8C4DFB454}.Debug|Any CPU.ActiveCfg = Debug|Any CPU
		{F3BAD49C-155D-4F32-A4BE-13C8C4DFB454}.Debug|Any CPU.Build.0 = Debug|Any CPU
		{F3BAD49C-155D-4F32-A4BE-13C8C4DFB454}.Debug|Mixed Platforms.ActiveCfg = Debug|Any CPU
		{F3BAD49C-155D-4F32-A4BE-13C8C4DFB454}.Debug|Mixed Platforms.Build.0 = Debug|Any CPU
		{F3BAD49C-155D-4F32-A4BE-13C8C4DFB454}.Debug|x86.ActiveCfg = Debug|Any CPU
		{F3BAD49C-155D-4F32-A4BE-13C8C4DFB454}.Release|Any CPU.ActiveCfg = Release|Any CPU
		{F3BAD49C-155D-4F32-A4BE-13C8C4DFB454}.Release|Any CPU.Build.0 = Release|Any CPU
		{F3BAD49C-155D-4F32-A4BE-13C8C4DFB454}.Release|Mixed Platforms.ActiveCfg = Release|Any CPU
		{F3BAD49C-155D-4F32-A4BE-13C8C4DFB454}.Release|Mixed Platforms.Build.0 = Release|Any CPU
		{F3BAD49C-155D-4F32-A4BE-13C8C4DFB454}.Release|x86.ActiveCfg = Release|Any CPU
		{A867F45D-D370-4B42-AAEA-10742CE8EFF7}.Debug|Any CPU.ActiveCfg = Debug|Any CPU
		{A867F45D-D370-4B42-AAEA-10742CE8EFF7}.Debug|Any CPU.Build.0 = Debug|Any CPU
		{A867F45D-D370-4B42-AAEA-10742CE8EFF7}.Debug|Mixed Platforms.ActiveCfg = Debug|Any CPU
		{A867F45D-D370-4B42-AAEA-10742CE8EFF7}.Debug|Mixed Platforms.Build.0 = Debug|Any CPU
		{A867F45D-D370-4B42-AAEA-10742CE8EFF7}.Debug|x86.ActiveCfg = Debug|Any CPU
		{A867F45D-D370-4B42-AAEA-10742CE8EFF7}.Release|Any CPU.ActiveCfg = Release|Any CPU
		{A867F45D-D370-4B42-AAEA-10742CE8EFF7}.Release|Any CPU.Build.0 = Release|Any CPU
		{A867F45D-D370-4B42-AAEA-10742CE8EFF7}.Release|Mixed Platforms.ActiveCfg = Release|Any CPU
		{A867F45D-D370-4B42-AAEA-10742CE8EFF7}.Release|Mixed Platforms.Build.0 = Release|Any CPU
		{A867F45D-D370-4B42-AAEA-10742CE8EFF7}.Release|x86.ActiveCfg = Release|Any CPU
		{A922A0FB-9FA5-4C0B-9E83-7C439CB4982D}.Debug|Any CPU.ActiveCfg = Debug|Any CPU
		{A922A0FB-9FA5-4C0B-9E83-7C439CB4982D}.Debug|Any CPU.Build.0 = Debug|Any CPU
		{A922A0FB-9FA5-4C0B-9E83-7C439CB4982D}.Debug|Mixed Platforms.ActiveCfg = Debug|Any CPU
		{A922A0FB-9FA5-4C0B-9E83-7C439CB4982D}.Debug|Mixed Platforms.Build.0 = Debug|Any CPU
		{A922A0FB-9FA5-4C0B-9E83-7C439CB4982D}.Debug|x86.ActiveCfg = Debug|Any CPU
		{A922A0FB-9FA5-4C0B-9E83-7C439CB4982D}.Release|Any CPU.ActiveCfg = Release|Any CPU
		{A922A0FB-9FA5-4C0B-9E83-7C439CB4982D}.Release|Any CPU.Build.0 = Release|Any CPU
		{A922A0FB-9FA5-4C0B-9E83-7C439CB4982D}.Release|Mixed Platforms.ActiveCfg = Release|Any CPU
		{A922A0FB-9FA5-4C0B-9E83-7C439CB4982D}.Release|Mixed Platforms.Build.0 = Release|Any CPU
		{A922A0FB-9FA5-4C0B-9E83-7C439CB4982D}.Release|x86.ActiveCfg = Release|Any CPU
		{764EE1A8-8D57-49AB-9FBB-AD9DA677AD41}.Debug|Any CPU.ActiveCfg = Debug|Any CPU
		{764EE1A8-8D57-49AB-9FBB-AD9DA677AD41}.Debug|Any CPU.Build.0 = Debug|Any CPU
		{764EE1A8-8D57-49AB-9FBB-AD9DA677AD41}.Debug|Mixed Platforms.ActiveCfg = Debug|Any CPU
		{764EE1A8-8D57-49AB-9FBB-AD9DA677AD41}.Debug|Mixed Platforms.Build.0 = Debug|Any CPU
		{764EE1A8-8D57-49AB-9FBB-AD9DA677AD41}.Debug|x86.ActiveCfg = Debug|Any CPU
		{764EE1A8-8D57-49AB-9FBB-AD9DA677AD41}.Release|Any CPU.ActiveCfg = Release|Any CPU
		{764EE1A8-8D57-49AB-9FBB-AD9DA677AD41}.Release|Any CPU.Build.0 = Release|Any CPU
		{764EE1A8-8D57-49AB-9FBB-AD9DA677AD41}.Release|Mixed Platforms.ActiveCfg = Release|Any CPU
		{764EE1A8-8D57-49AB-9FBB-AD9DA677AD41}.Release|Mixed Platforms.Build.0 = Release|Any CPU
		{764EE1A8-8D57-49AB-9FBB-AD9DA677AD41}.Release|x86.ActiveCfg = Release|Any CPU
		{941A72AD-2B37-492C-949A-082EE2D39E4E}.Debug|Any CPU.ActiveCfg = Debug|Any CPU
		{941A72AD-2B37-492C-949A-082EE2D39E4E}.Debug|Any CPU.Build.0 = Debug|Any CPU
		{941A72AD-2B37-492C-949A-082EE2D39E4E}.Debug|Mixed Platforms.ActiveCfg = Debug|Any CPU
		{941A72AD-2B37-492C-949A-082EE2D39E4E}.Debug|Mixed Platforms.Build.0 = Debug|Any CPU
		{941A72AD-2B37-492C-949A-082EE2D39E4E}.Debug|x86.ActiveCfg = Debug|Any CPU
		{941A72AD-2B37-492C-949A-082EE2D39E4E}.Release|Any CPU.ActiveCfg = Release|Any CPU
		{941A72AD-2B37-492C-949A-082EE2D39E4E}.Release|Any CPU.Build.0 = Release|Any CPU
		{941A72AD-2B37-492C-949A-082EE2D39E4E}.Release|Mixed Platforms.ActiveCfg = Release|Any CPU
		{941A72AD-2B37-492C-949A-082EE2D39E4E}.Release|Mixed Platforms.Build.0 = Release|Any CPU
		{941A72AD-2B37-492C-949A-082EE2D39E4E}.Release|x86.ActiveCfg = Release|Any CPU
		{ACB95BEA-F7BB-4B08-9737-D3AC0091892D}.Debug|Any CPU.ActiveCfg = Debug|Any CPU
		{ACB95BEA-F7BB-4B08-9737-D3AC0091892D}.Debug|Any CPU.Build.0 = Debug|Any CPU
		{ACB95BEA-F7BB-4B08-9737-D3AC0091892D}.Debug|Mixed Platforms.ActiveCfg = Debug|Any CPU
		{ACB95BEA-F7BB-4B08-9737-D3AC0091892D}.Debug|Mixed Platforms.Build.0 = Debug|Any CPU
		{ACB95BEA-F7BB-4B08-9737-D3AC0091892D}.Debug|x86.ActiveCfg = Debug|Any CPU
		{ACB95BEA-F7BB-4B08-9737-D3AC0091892D}.Release|Any CPU.ActiveCfg = Release|Any CPU
		{ACB95BEA-F7BB-4B08-9737-D3AC0091892D}.Release|Any CPU.Build.0 = Release|Any CPU
		{ACB95BEA-F7BB-4B08-9737-D3AC0091892D}.Release|Mixed Platforms.ActiveCfg = Release|Any CPU
		{ACB95BEA-F7BB-4B08-9737-D3AC0091892D}.Release|Mixed Platforms.Build.0 = Release|Any CPU
		{ACB95BEA-F7BB-4B08-9737-D3AC0091892D}.Release|x86.ActiveCfg = Release|Any CPU
		{039D0620-5A88-4042-B48F-7A80F6D2A041}.Debug|Any CPU.ActiveCfg = Debug|Any CPU
		{039D0620-5A88-4042-B48F-7A80F6D2A041}.Debug|Any CPU.Build.0 = Debug|Any CPU
		{039D0620-5A88-4042-B48F-7A80F6D2A041}.Debug|Mixed Platforms.ActiveCfg = Debug|Any CPU
		{039D0620-5A88-4042-B48F-7A80F6D2A041}.Debug|Mixed Platforms.Build.0 = Debug|Any CPU
		{039D0620-5A88-4042-B48F-7A80F6D2A041}.Debug|x86.ActiveCfg = Debug|Any CPU
		{039D0620-5A88-4042-B48F-7A80F6D2A041}.Release|Any CPU.ActiveCfg = Release|Any CPU
		{039D0620-5A88-4042-B48F-7A80F6D2A041}.Release|Any CPU.Build.0 = Release|Any CPU
		{039D0620-5A88-4042-B48F-7A80F6D2A041}.Release|Mixed Platforms.ActiveCfg = Release|Any CPU
		{039D0620-5A88-4042-B48F-7A80F6D2A041}.Release|Mixed Platforms.Build.0 = Release|Any CPU
		{039D0620-5A88-4042-B48F-7A80F6D2A041}.Release|x86.ActiveCfg = Release|Any CPU
		{5BAA52EF-5C81-426E-B250-598EAD5903FF}.Debug|Any CPU.ActiveCfg = Debug|Any CPU
		{5BAA52EF-5C81-426E-B250-598EAD5903FF}.Debug|Any CPU.Build.0 = Debug|Any CPU
		{5BAA52EF-5C81-426E-B250-598EAD5903FF}.Debug|Mixed Platforms.ActiveCfg = Debug|Any CPU
		{5BAA52EF-5C81-426E-B250-598EAD5903FF}.Debug|Mixed Platforms.Build.0 = Debug|Any CPU
		{5BAA52EF-5C81-426E-B250-598EAD5903FF}.Debug|x86.ActiveCfg = Debug|Any CPU
		{5BAA52EF-5C81-426E-B250-598EAD5903FF}.Debug|x86.Build.0 = Debug|Any CPU
		{5BAA52EF-5C81-426E-B250-598EAD5903FF}.Release|Any CPU.ActiveCfg = Release|Any CPU
		{5BAA52EF-5C81-426E-B250-598EAD5903FF}.Release|Any CPU.Build.0 = Release|Any CPU
		{5BAA52EF-5C81-426E-B250-598EAD5903FF}.Release|Mixed Platforms.ActiveCfg = Release|Any CPU
		{5BAA52EF-5C81-426E-B250-598EAD5903FF}.Release|Mixed Platforms.Build.0 = Release|Any CPU
		{5BAA52EF-5C81-426E-B250-598EAD5903FF}.Release|x86.ActiveCfg = Release|Any CPU
		{5BAA52EF-5C81-426E-B250-598EAD5903FF}.Release|x86.Build.0 = Release|Any CPU
		{B9B9937D-6979-49F0-8F75-EEC24329EE6E}.Debug|Any CPU.ActiveCfg = Debug|Any CPU
		{B9B9937D-6979-49F0-8F75-EEC24329EE6E}.Debug|Any CPU.Build.0 = Debug|Any CPU
		{B9B9937D-6979-49F0-8F75-EEC24329EE6E}.Debug|Mixed Platforms.ActiveCfg = Debug|Any CPU
		{B9B9937D-6979-49F0-8F75-EEC24329EE6E}.Debug|Mixed Platforms.Build.0 = Debug|Any CPU
		{B9B9937D-6979-49F0-8F75-EEC24329EE6E}.Debug|x86.ActiveCfg = Debug|Any CPU
		{B9B9937D-6979-49F0-8F75-EEC24329EE6E}.Debug|x86.Build.0 = Debug|Any CPU
		{B9B9937D-6979-49F0-8F75-EEC24329EE6E}.Release|Any CPU.ActiveCfg = Release|Any CPU
		{B9B9937D-6979-49F0-8F75-EEC24329EE6E}.Release|Any CPU.Build.0 = Release|Any CPU
		{B9B9937D-6979-49F0-8F75-EEC24329EE6E}.Release|Mixed Platforms.ActiveCfg = Release|Any CPU
		{B9B9937D-6979-49F0-8F75-EEC24329EE6E}.Release|Mixed Platforms.Build.0 = Release|Any CPU
		{B9B9937D-6979-49F0-8F75-EEC24329EE6E}.Release|x86.ActiveCfg = Release|Any CPU
		{B9B9937D-6979-49F0-8F75-EEC24329EE6E}.Release|x86.Build.0 = Release|Any CPU
		{725E12A6-45EB-436D-A621-0A6CBFDFC045}.Debug|Any CPU.ActiveCfg = Debug|Any CPU
		{725E12A6-45EB-436D-A621-0A6CBFDFC045}.Debug|Any CPU.Build.0 = Debug|Any CPU
		{725E12A6-45EB-436D-A621-0A6CBFDFC045}.Debug|Mixed Platforms.ActiveCfg = Debug|Any CPU
		{725E12A6-45EB-436D-A621-0A6CBFDFC045}.Debug|Mixed Platforms.Build.0 = Debug|Any CPU
		{725E12A6-45EB-436D-A621-0A6CBFDFC045}.Debug|x86.ActiveCfg = Debug|Any CPU
		{725E12A6-45EB-436D-A621-0A6CBFDFC045}.Debug|x86.Build.0 = Debug|Any CPU
		{725E12A6-45EB-436D-A621-0A6CBFDFC045}.Release|Any CPU.ActiveCfg = Release|Any CPU
		{725E12A6-45EB-436D-A621-0A6CBFDFC045}.Release|Any CPU.Build.0 = Release|Any CPU
		{725E12A6-45EB-436D-A621-0A6CBFDFC045}.Release|Mixed Platforms.ActiveCfg = Release|Any CPU
		{725E12A6-45EB-436D-A621-0A6CBFDFC045}.Release|Mixed Platforms.Build.0 = Release|Any CPU
		{725E12A6-45EB-436D-A621-0A6CBFDFC045}.Release|x86.ActiveCfg = Release|Any CPU
		{725E12A6-45EB-436D-A621-0A6CBFDFC045}.Release|x86.Build.0 = Release|Any CPU
		{2A36D9CC-B7DA-4AD6-BE1C-680471B64634}.Debug|Any CPU.ActiveCfg = Debug|Any CPU
		{2A36D9CC-B7DA-4AD6-BE1C-680471B64634}.Debug|Any CPU.Build.0 = Debug|Any CPU
		{2A36D9CC-B7DA-4AD6-BE1C-680471B64634}.Debug|Mixed Platforms.ActiveCfg = Debug|Any CPU
		{2A36D9CC-B7DA-4AD6-BE1C-680471B64634}.Debug|Mixed Platforms.Build.0 = Debug|Any CPU
		{2A36D9CC-B7DA-4AD6-BE1C-680471B64634}.Debug|x86.ActiveCfg = Debug|Any CPU
		{2A36D9CC-B7DA-4AD6-BE1C-680471B64634}.Debug|x86.Build.0 = Debug|Any CPU
		{2A36D9CC-B7DA-4AD6-BE1C-680471B64634}.Release|Any CPU.ActiveCfg = Release|Any CPU
		{2A36D9CC-B7DA-4AD6-BE1C-680471B64634}.Release|Any CPU.Build.0 = Release|Any CPU
		{2A36D9CC-B7DA-4AD6-BE1C-680471B64634}.Release|Mixed Platforms.ActiveCfg = Release|Any CPU
		{2A36D9CC-B7DA-4AD6-BE1C-680471B64634}.Release|Mixed Platforms.Build.0 = Release|Any CPU
		{2A36D9CC-B7DA-4AD6-BE1C-680471B64634}.Release|x86.ActiveCfg = Release|Any CPU
		{2A36D9CC-B7DA-4AD6-BE1C-680471B64634}.Release|x86.Build.0 = Release|Any CPU
		{7C83573F-6BF4-4034-9263-1DC889FBF832}.Debug|Any CPU.ActiveCfg = Debug|Any CPU
		{7C83573F-6BF4-4034-9263-1DC889FBF832}.Debug|Any CPU.Build.0 = Debug|Any CPU
		{7C83573F-6BF4-4034-9263-1DC889FBF832}.Debug|Mixed Platforms.ActiveCfg = Debug|Any CPU
		{7C83573F-6BF4-4034-9263-1DC889FBF832}.Debug|Mixed Platforms.Build.0 = Debug|Any CPU
		{7C83573F-6BF4-4034-9263-1DC889FBF832}.Debug|x86.ActiveCfg = Debug|Any CPU
		{7C83573F-6BF4-4034-9263-1DC889FBF832}.Debug|x86.Build.0 = Debug|Any CPU
		{7C83573F-6BF4-4034-9263-1DC889FBF832}.Release|Any CPU.ActiveCfg = Release|Any CPU
		{7C83573F-6BF4-4034-9263-1DC889FBF832}.Release|Any CPU.Build.0 = Release|Any CPU
		{7C83573F-6BF4-4034-9263-1DC889FBF832}.Release|Mixed Platforms.ActiveCfg = Release|Any CPU
		{7C83573F-6BF4-4034-9263-1DC889FBF832}.Release|Mixed Platforms.Build.0 = Release|Any CPU
		{7C83573F-6BF4-4034-9263-1DC889FBF832}.Release|x86.ActiveCfg = Release|Any CPU
		{7C83573F-6BF4-4034-9263-1DC889FBF832}.Release|x86.Build.0 = Release|Any CPU
		{0788B3BE-1AF9-4B9A-8C81-9290E0B379E2}.Debug|Any CPU.ActiveCfg = Debug|Any CPU
		{0788B3BE-1AF9-4B9A-8C81-9290E0B379E2}.Debug|Any CPU.Build.0 = Debug|Any CPU
		{0788B3BE-1AF9-4B9A-8C81-9290E0B379E2}.Debug|Mixed Platforms.ActiveCfg = Debug|Any CPU
		{0788B3BE-1AF9-4B9A-8C81-9290E0B379E2}.Debug|Mixed Platforms.Build.0 = Debug|Any CPU
		{0788B3BE-1AF9-4B9A-8C81-9290E0B379E2}.Debug|x86.ActiveCfg = Debug|Any CPU
		{0788B3BE-1AF9-4B9A-8C81-9290E0B379E2}.Debug|x86.Build.0 = Debug|Any CPU
		{0788B3BE-1AF9-4B9A-8C81-9290E0B379E2}.Release|Any CPU.ActiveCfg = Release|Any CPU
		{0788B3BE-1AF9-4B9A-8C81-9290E0B379E2}.Release|Any CPU.Build.0 = Release|Any CPU
		{0788B3BE-1AF9-4B9A-8C81-9290E0B379E2}.Release|Mixed Platforms.ActiveCfg = Release|Any CPU
		{0788B3BE-1AF9-4B9A-8C81-9290E0B379E2}.Release|Mixed Platforms.Build.0 = Release|Any CPU
		{0788B3BE-1AF9-4B9A-8C81-9290E0B379E2}.Release|x86.ActiveCfg = Release|Any CPU
		{0788B3BE-1AF9-4B9A-8C81-9290E0B379E2}.Release|x86.Build.0 = Release|Any CPU
		{E77E408F-EABC-411F-8CE4-74E43B0D0DDA}.Debug|Any CPU.ActiveCfg = Debug|Any CPU
		{E77E408F-EABC-411F-8CE4-74E43B0D0DDA}.Debug|Any CPU.Build.0 = Debug|Any CPU
		{E77E408F-EABC-411F-8CE4-74E43B0D0DDA}.Debug|Mixed Platforms.ActiveCfg = Debug|Any CPU
		{E77E408F-EABC-411F-8CE4-74E43B0D0DDA}.Debug|Mixed Platforms.Build.0 = Debug|Any CPU
		{E77E408F-EABC-411F-8CE4-74E43B0D0DDA}.Debug|x86.ActiveCfg = Debug|Any CPU
		{E77E408F-EABC-411F-8CE4-74E43B0D0DDA}.Debug|x86.Build.0 = Debug|Any CPU
		{E77E408F-EABC-411F-8CE4-74E43B0D0DDA}.Release|Any CPU.ActiveCfg = Release|Any CPU
		{E77E408F-EABC-411F-8CE4-74E43B0D0DDA}.Release|Any CPU.Build.0 = Release|Any CPU
		{E77E408F-EABC-411F-8CE4-74E43B0D0DDA}.Release|Mixed Platforms.ActiveCfg = Release|Any CPU
		{E77E408F-EABC-411F-8CE4-74E43B0D0DDA}.Release|Mixed Platforms.Build.0 = Release|Any CPU
		{E77E408F-EABC-411F-8CE4-74E43B0D0DDA}.Release|x86.ActiveCfg = Release|Any CPU
		{E77E408F-EABC-411F-8CE4-74E43B0D0DDA}.Release|x86.Build.0 = Release|Any CPU
	EndGlobalSection
	GlobalSection(SolutionProperties) = preSolution
		HideSolutionNode = FALSE
	EndGlobalSection
	GlobalSection(NestedProjects) = preSolution
		{DE1B1174-9D3B-439A-8D2C-C08E49A91ED7} = {0D956E4C-8DDF-42D9-9669-F4CEB7A68370}
		{33279F0B-E19C-4913-A367-62486897E6AF} = {0D956E4C-8DDF-42D9-9669-F4CEB7A68370}
		{387F44C5-C8C4-4F3B-A3B5-51561A4C4FF3} = {0D956E4C-8DDF-42D9-9669-F4CEB7A68370}
		{D3386CF5-689E-4F68-A567-35A4C8AAC947} = {0D956E4C-8DDF-42D9-9669-F4CEB7A68370}
		{F9F8E166-54F4-42C3-8FEE-714F57F90BE3} = {DE1B1174-9D3B-439A-8D2C-C08E49A91ED7}
		{3C030CEA-8377-4126-A71F-BF788924ED1D} = {DE1B1174-9D3B-439A-8D2C-C08E49A91ED7}
		{C9743F55-6874-4B4A-9E97-01F423E60DCC} = {DE1B1174-9D3B-439A-8D2C-C08E49A91ED7}
		{06A8A419-5318-48EA-BB73-1078478AF5AE} = {3903CE9B-DDB1-4EB2-9DC3-877066365113}
		{1886DE59-3F0C-4E23-AC92-C54300CFCC74} = {3903CE9B-DDB1-4EB2-9DC3-877066365113}
		{5E9B7A68-F643-4A5E-BAC3-04942E7E3716} = {3903CE9B-DDB1-4EB2-9DC3-877066365113}
		{C35D2923-DD9D-441B-82A6-785586D9CDB4} = {3903CE9B-DDB1-4EB2-9DC3-877066365113}
		{D65F18F3-E422-4D5D-B4FC-0FB04ABDC67F} = {3903CE9B-DDB1-4EB2-9DC3-877066365113}
		{F3BAD49C-155D-4F32-A4BE-13C8C4DFB454} = {0D956E4C-8DDF-42D9-9669-F4CEB7A68370}
		{A867F45D-D370-4B42-AAEA-10742CE8EFF7} = {0D956E4C-8DDF-42D9-9669-F4CEB7A68370}
		{A922A0FB-9FA5-4C0B-9E83-7C439CB4982D} = {0D956E4C-8DDF-42D9-9669-F4CEB7A68370}
		{764EE1A8-8D57-49AB-9FBB-AD9DA677AD41} = {0D956E4C-8DDF-42D9-9669-F4CEB7A68370}
		{941A72AD-2B37-492C-949A-082EE2D39E4E} = {3903CE9B-DDB1-4EB2-9DC3-877066365113}
		{ACB95BEA-F7BB-4B08-9737-D3AC0091892D} = {0D956E4C-8DDF-42D9-9669-F4CEB7A68370}
		{039D0620-5A88-4042-B48F-7A80F6D2A041} = {0D956E4C-8DDF-42D9-9669-F4CEB7A68370}
		{5BAA52EF-5C81-426E-B250-598EAD5903FF} = {0D956E4C-8DDF-42D9-9669-F4CEB7A68370}
		{B9B9937D-6979-49F0-8F75-EEC24329EE6E} = {3903CE9B-DDB1-4EB2-9DC3-877066365113}
		{725E12A6-45EB-436D-A621-0A6CBFDFC045} = {3903CE9B-DDB1-4EB2-9DC3-877066365113}
		{727343E5-174B-49B7-BDED-1AA0A3E99638} = {DE1B1174-9D3B-439A-8D2C-C08E49A91ED7}
		{2A36D9CC-B7DA-4AD6-BE1C-680471B64634} = {727343E5-174B-49B7-BDED-1AA0A3E99638}
		{7C83573F-6BF4-4034-9263-1DC889FBF832} = {727343E5-174B-49B7-BDED-1AA0A3E99638}
		{0788B3BE-1AF9-4B9A-8C81-9290E0B379E2} = {727343E5-174B-49B7-BDED-1AA0A3E99638}
		{E77E408F-EABC-411F-8CE4-74E43B0D0DDA} = {3903CE9B-DDB1-4EB2-9DC3-877066365113}
	EndGlobalSection
	GlobalSection(ExtensibilityGlobals) = postSolution
		SolutionGuid = {6D0E60B5-4A3A-45E2-8DD2-FF3951177508}
		EnterpriseLibraryConfigurationToolBinariesPath = packages\Unity.2.1.505.2\lib\NET35
		EnterpriseLibraryConfigurationToolBinariesPathV6 = packages\EnterpriseLibrary.TransientFaultHandling.6.0.1304.0\lib\portable-net45+win+wp8;packages\EnterpriseLibrary.TransientFaultHandling.Data.6.0.1304.1\lib\NET45
	EndGlobalSection
	GlobalSection(SubversionScc) = preSolution
		Svn-Managed = True
		Manager = AnkhSVN - Subversion Support for Visual Studio
	EndGlobalSection
	GlobalSection(TestCaseManagementSettings) = postSolution
		CategoryFile = HKHProjects.vsmdi
	EndGlobalSection
EndGlobal
