
Microsoft Visual Studio Solution File, Format Version 12.00
# Visual Studio Version 17
VisualStudioVersion = 17.1.32421.90
MinimumVisualStudioVersion = 10.0.40219.1
Project("{2150E333-8FDC-42A3-9474-1A3956D46DE8}") = "Source", "Source", "{0D956E4C-8DDF-42D9-9669-F4CEB7A68370}"
	ProjectSection(SolutionItems) = preProject
		hkh.snk = hkh.snk
	EndProjectSection
EndProject
Project("{2150E333-8FDC-42A3-9474-1A3956D46DE8}") = "DataProvider", "DataProvider", "{DE1B1174-9D3B-439A-8D2C-C08E49A91ED7}"
EndProject
Project("{9A19103F-16F7-4668-BE54-9A1E7A4F7556}") = "HKH.Common", "HKH.Common\HKH.Common.csproj", "{33279F0B-E19C-4913-A367-62486897E6AF}"
EndProject
Project("{9A19103F-16F7-4668-BE54-9A1E7A4F7556}") = "HKH.DataProvider", "DataProvider\HKH.DataProvider\HKH.DataProvider.csproj", "{F9F8E166-54F4-42C3-8FEE-714F57F90BE3}"
EndProject
Project("{FAE04EC0-301F-11D3-BF4B-00C04F79EFBC}") = "HKH.DataProvider.EncryptTool", "DataProvider\HKH.DataProvider.EncryptTool\HKH.DataProvider.EncryptTool.csproj", "{3C030CEA-8377-4126-A71F-BF788924ED1D}"
EndProject
Project("{9A19103F-16F7-4668-BE54-9A1E7A4F7556}") = "HKH.DataProvider.Dapper", "DataProvider\HKH.DataProvider.Dapper\HKH.DataProvider.Dapper.csproj", "{C9743F55-6874-4B4A-9E97-01F423E60DCC}"
EndProject
Project("{2150E333-8FDC-42A3-9474-1A3956D46DE8}") = "UnitTest", "UnitTest", "{3903CE9B-DDB1-4EB2-9DC3-877066365113}"
EndProject
Project("{9A19103F-16F7-4668-BE54-9A1E7A4F7556}") = "HKH.Tasks", "HKH.Tasks\HKH.Tasks.csproj", "{F3BAD49C-155D-4F32-A4BE-13C8C4DFB454}"
EndProject
Project("{9A19103F-16F7-4668-BE54-9A1E7A4F7556}") = "HKH.CSV", "HKH.CSV\HKH.CSV.csproj", "{ACB95BEA-F7BB-4B08-9737-D3AC0091892D}"
EndProject
Project("{9A19103F-16F7-4668-BE54-9A1E7A4F7556}") = "HKH.Exchange", "HKH.Exchange\HKH.Exchange.csproj", "{5BAA52EF-5C81-426E-B250-598EAD5903FF}"
EndProject
Project("{FAE04EC0-301F-11D3-BF4B-00C04F79EFBC}") = "HKH.Tools", "HKH.Tools\HKH.Tools.csproj", "{387F44C5-C8C4-4F3B-A3B5-51561A4C4FF3}"
EndProject
Project("{9A19103F-16F7-4668-BE54-9A1E7A4F7556}") = "HKH.CurrencyFormat", "HKH.CurrencyFormat\HKH.CurrencyFormat.csproj", "{8ACA3AB4-47B5-43E4-88D6-C1A82BA8EBEA}"
EndProject
Project("{9A19103F-16F7-4668-BE54-9A1E7A4F7556}") = "HKH.DataProvider.Odbc", "DataProvider\HKH.DataProvider.Odbc\HKH.DataProvider.Odbc.csproj", "{79AB7111-947F-4BD7-98EA-ADE724CFC728}"
EndProject
Project("{9A19103F-16F7-4668-BE54-9A1E7A4F7556}") = "HKH.DataProvider.OleDb", "DataProvider\HKH.DataProvider.OleDb\HKH.DataProvider.OleDb.csproj", "{FF17ACE8-D4C9-4694-9B9C-27366FC258FB}"
EndProject
Project("{9A19103F-16F7-4668-BE54-9A1E7A4F7556}") = "HKH.DataProvider.Test", "UnitTest\HKH.DataProvider.Test\HKH.DataProvider.Test.csproj", "{49D1E770-4020-4D32-B57F-AD59CF68F4C7}"
EndProject
Project("{9A19103F-16F7-4668-BE54-9A1E7A4F7556}") = "HKH.DataProvider.MsSqlServer", "DataProvider\HKH.DataProvider.MsSqlServer\HKH.DataProvider.MsSqlServer.csproj", "{40EA0004-00FE-440C-9070-8D799A607C8D}"
EndProject
Project("{9A19103F-16F7-4668-BE54-9A1E7A4F7556}") = "HKH.DataProvider.SqlServer", "DataProvider\HKH.DataProvider.SqlServer\HKH.DataProvider.SqlServer.csproj", "{2E7102E1-BA8F-40C4-B7F6-1370052BC1B0}"
EndProject
Project("{9A19103F-16F7-4668-BE54-9A1E7A4F7556}") = "HKH.Common.Test", "UnitTest\HKH.Common.Test\HKH.Common.Test.csproj", "{889F979E-56BA-48A3-9709-826B00B6F016}"
EndProject
Project("{9A19103F-16F7-4668-BE54-9A1E7A4F7556}") = "HKH.CSV.Test", "UnitTest\HKH.CSV.Test\HKH.CSV.Test.csproj", "{FBF921C0-4761-449D-8007-A062A7D32911}"
EndProject
Project("{9A19103F-16F7-4668-BE54-9A1E7A4F7556}") = "HKH.Exchange.Test", "UnitTest\HKH.Exchange.Test\HKH.Exchange.Test.csproj", "{B3676CEB-CB42-4463-BEB6-8B870C5DF17C}"
EndProject
Project("{9A19103F-16F7-4668-BE54-9A1E7A4F7556}") = "HKH.DataProvider.Oracle", "DataProvider\HKH.DataProvider.Oracle\HKH.DataProvider.Oracle.csproj", "{E5D9E463-D258-4799-B64B-9E359127E701}"
EndProject
Project("{FAE04EC0-301F-11D3-BF4B-00C04F79EFBC}") = "HKH.DataProvider.MySql", "DataProvider\HKH.DataProvider.MySql\HKH.DataProvider.MySql.csproj", "{3C7906D1-61FC-4C6D-A506-A4EB94288AD0}"
EndProject
Global
	GlobalSection(SolutionConfigurationPlatforms) = preSolution
		Debug|Any CPU = Debug|Any CPU
		Debug|Mixed Platforms = Debug|Mixed Platforms
		Debug|x86 = Debug|x86
		Release|Any CPU = Release|Any CPU
		Release|Mixed Platforms = Release|Mixed Platforms
		Release|x86 = Release|x86
	EndGlobalSection
	GlobalSection(ProjectConfigurationPlatforms) = postSolution
		{33279F0B-E19C-4913-A367-62486897E6AF}.Debug|Any CPU.ActiveCfg = Debug|Any CPU
		{33279F0B-E19C-4913-A367-62486897E6AF}.Debug|Any CPU.Build.0 = Debug|Any CPU
		{33279F0B-E19C-4913-A367-62486897E6AF}.Debug|Mixed Platforms.ActiveCfg = Debug|Any CPU
		{33279F0B-E19C-4913-A367-62486897E6AF}.Debug|Mixed Platforms.Build.0 = Debug|Any CPU
		{33279F0B-E19C-4913-A367-62486897E6AF}.Debug|x86.ActiveCfg = Debug|Any CPU
		{33279F0B-E19C-4913-A367-62486897E6AF}.Release|Any CPU.ActiveCfg = Release|Any CPU
		{33279F0B-E19C-4913-A367-62486897E6AF}.Release|Any CPU.Build.0 = Release|Any CPU
		{33279F0B-E19C-4913-A367-62486897E6AF}.Release|Mixed Platforms.ActiveCfg = Release|Any CPU
		{33279F0B-E19C-4913-A367-62486897E6AF}.Release|Mixed Platforms.Build.0 = Release|Any CPU
		{33279F0B-E19C-4913-A367-62486897E6AF}.Release|x86.ActiveCfg = Release|Any CPU
		{F9F8E166-54F4-42C3-8FEE-714F57F90BE3}.Debug|Any CPU.ActiveCfg = Debug|Any CPU
		{F9F8E166-54F4-42C3-8FEE-714F57F90BE3}.Debug|Any CPU.Build.0 = Debug|Any CPU
		{F9F8E166-54F4-42C3-8FEE-714F57F90BE3}.Debug|Mixed Platforms.ActiveCfg = Debug|Any CPU
		{F9F8E166-54F4-42C3-8FEE-714F57F90BE3}.Debug|Mixed Platforms.Build.0 = Debug|Any CPU
		{F9F8E166-54F4-42C3-8FEE-714F57F90BE3}.Debug|x86.ActiveCfg = Debug|Any CPU
		{F9F8E166-54F4-42C3-8FEE-714F57F90BE3}.Release|Any CPU.ActiveCfg = Release|Any CPU
		{F9F8E166-54F4-42C3-8FEE-714F57F90BE3}.Release|Any CPU.Build.0 = Release|Any CPU
		{F9F8E166-54F4-42C3-8FEE-714F57F90BE3}.Release|Mixed Platforms.ActiveCfg = Release|Any CPU
		{F9F8E166-54F4-42C3-8FEE-714F57F90BE3}.Release|Mixed Platforms.Build.0 = Release|Any CPU
		{F9F8E166-54F4-42C3-8FEE-714F57F90BE3}.Release|x86.ActiveCfg = Release|Any CPU
		{3C030CEA-8377-4126-A71F-BF788924ED1D}.Debug|Any CPU.ActiveCfg = Debug|Any CPU
		{3C030CEA-8377-4126-A71F-BF788924ED1D}.Debug|Any CPU.Build.0 = Debug|Any CPU
		{3C030CEA-8377-4126-A71F-BF788924ED1D}.Debug|Mixed Platforms.ActiveCfg = Debug|Any CPU
		{3C030CEA-8377-4126-A71F-BF788924ED1D}.Debug|Mixed Platforms.Build.0 = Debug|Any CPU
		{3C030CEA-8377-4126-A71F-BF788924ED1D}.Debug|x86.ActiveCfg = Debug|Any CPU
		{3C030CEA-8377-4126-A71F-BF788924ED1D}.Release|Any CPU.ActiveCfg = Release|Any CPU
		{3C030CEA-8377-4126-A71F-BF788924ED1D}.Release|Any CPU.Build.0 = Release|Any CPU
		{3C030CEA-8377-4126-A71F-BF788924ED1D}.Release|Mixed Platforms.ActiveCfg = Release|Any CPU
		{3C030CEA-8377-4126-A71F-BF788924ED1D}.Release|Mixed Platforms.Build.0 = Release|Any CPU
		{3C030CEA-8377-4126-A71F-BF788924ED1D}.Release|x86.ActiveCfg = Release|Any CPU
		{C9743F55-6874-4B4A-9E97-01F423E60DCC}.Debug|Any CPU.ActiveCfg = Debug|Any CPU
		{C9743F55-6874-4B4A-9E97-01F423E60DCC}.Debug|Any CPU.Build.0 = Debug|Any CPU
		{C9743F55-6874-4B4A-9E97-01F423E60DCC}.Debug|Mixed Platforms.ActiveCfg = Debug|Any CPU
		{C9743F55-6874-4B4A-9E97-01F423E60DCC}.Debug|Mixed Platforms.Build.0 = Debug|Any CPU
		{C9743F55-6874-4B4A-9E97-01F423E60DCC}.Debug|x86.ActiveCfg = Debug|Any CPU
		{C9743F55-6874-4B4A-9E97-01F423E60DCC}.Release|Any CPU.ActiveCfg = Release|Any CPU
		{C9743F55-6874-4B4A-9E97-01F423E60DCC}.Release|Any CPU.Build.0 = Release|Any CPU
		{C9743F55-6874-4B4A-9E97-01F423E60DCC}.Release|Mixed Platforms.ActiveCfg = Release|Any CPU
		{C9743F55-6874-4B4A-9E97-01F423E60DCC}.Release|Mixed Platforms.Build.0 = Release|Any CPU
		{C9743F55-6874-4B4A-9E97-01F423E60DCC}.Release|x86.ActiveCfg = Release|Any CPU
		{F3BAD49C-155D-4F32-A4BE-13C8C4DFB454}.Debug|Any CPU.ActiveCfg = Debug|Any CPU
		{F3BAD49C-155D-4F32-A4BE-13C8C4DFB454}.Debug|Any CPU.Build.0 = Debug|Any CPU
		{F3BAD49C-155D-4F32-A4BE-13C8C4DFB454}.Debug|Mixed Platforms.ActiveCfg = Debug|Any CPU
		{F3BAD49C-155D-4F32-A4BE-13C8C4DFB454}.Debug|Mixed Platforms.Build.0 = Debug|Any CPU
		{F3BAD49C-155D-4F32-A4BE-13C8C4DFB454}.Debug|x86.ActiveCfg = Debug|Any CPU
		{F3BAD49C-155D-4F32-A4BE-13C8C4DFB454}.Release|Any CPU.ActiveCfg = Release|Any CPU
		{F3BAD49C-155D-4F32-A4BE-13C8C4DFB454}.Release|Any CPU.Build.0 = Release|Any CPU
		{F3BAD49C-155D-4F32-A4BE-13C8C4DFB454}.Release|Mixed Platforms.ActiveCfg = Release|Any CPU
		{F3BAD49C-155D-4F32-A4BE-13C8C4DFB454}.Release|Mixed Platforms.Build.0 = Release|Any CPU
		{F3BAD49C-155D-4F32-A4BE-13C8C4DFB454}.Release|x86.ActiveCfg = Release|Any CPU
		{ACB95BEA-F7BB-4B08-9737-D3AC0091892D}.Debug|Any CPU.ActiveCfg = Debug|Any CPU
		{ACB95BEA-F7BB-4B08-9737-D3AC0091892D}.Debug|Any CPU.Build.0 = Debug|Any CPU
		{ACB95BEA-F7BB-4B08-9737-D3AC0091892D}.Debug|Mixed Platforms.ActiveCfg = Debug|Any CPU
		{ACB95BEA-F7BB-4B08-9737-D3AC0091892D}.Debug|Mixed Platforms.Build.0 = Debug|Any CPU
		{ACB95BEA-F7BB-4B08-9737-D3AC0091892D}.Debug|x86.ActiveCfg = Debug|Any CPU
		{ACB95BEA-F7BB-4B08-9737-D3AC0091892D}.Release|Any CPU.ActiveCfg = Release|Any CPU
		{ACB95BEA-F7BB-4B08-9737-D3AC0091892D}.Release|Any CPU.Build.0 = Release|Any CPU
		{ACB95BEA-F7BB-4B08-9737-D3AC0091892D}.Release|Mixed Platforms.ActiveCfg = Release|Any CPU
		{ACB95BEA-F7BB-4B08-9737-D3AC0091892D}.Release|Mixed Platforms.Build.0 = Release|Any CPU
		{ACB95BEA-F7BB-4B08-9737-D3AC0091892D}.Release|x86.ActiveCfg = Release|Any CPU
		{5BAA52EF-5C81-426E-B250-598EAD5903FF}.Debug|Any CPU.ActiveCfg = Debug|Any CPU
		{5BAA52EF-5C81-426E-B250-598EAD5903FF}.Debug|Any CPU.Build.0 = Debug|Any CPU
		{5BAA52EF-5C81-426E-B250-598EAD5903FF}.Debug|Mixed Platforms.ActiveCfg = Debug|Any CPU
		{5BAA52EF-5C81-426E-B250-598EAD5903FF}.Debug|Mixed Platforms.Build.0 = Debug|Any CPU
		{5BAA52EF-5C81-426E-B250-598EAD5903FF}.Debug|x86.ActiveCfg = Debug|Any CPU
		{5BAA52EF-5C81-426E-B250-598EAD5903FF}.Debug|x86.Build.0 = Debug|Any CPU
		{5BAA52EF-5C81-426E-B250-598EAD5903FF}.Release|Any CPU.ActiveCfg = Release|Any CPU
		{5BAA52EF-5C81-426E-B250-598EAD5903FF}.Release|Any CPU.Build.0 = Release|Any CPU
		{5BAA52EF-5C81-426E-B250-598EAD5903FF}.Release|Mixed Platforms.ActiveCfg = Release|Any CPU
		{5BAA52EF-5C81-426E-B250-598EAD5903FF}.Release|Mixed Platforms.Build.0 = Release|Any CPU
		{5BAA52EF-5C81-426E-B250-598EAD5903FF}.Release|x86.ActiveCfg = Release|Any CPU
		{5BAA52EF-5C81-426E-B250-598EAD5903FF}.Release|x86.Build.0 = Release|Any CPU
		{387F44C5-C8C4-4F3B-A3B5-51561A4C4FF3}.Debug|Any CPU.ActiveCfg = Debug|Any CPU
		{387F44C5-C8C4-4F3B-A3B5-51561A4C4FF3}.Debug|Any CPU.Build.0 = Debug|Any CPU
		{387F44C5-C8C4-4F3B-A3B5-51561A4C4FF3}.Debug|Mixed Platforms.ActiveCfg = Debug|x86
		{387F44C5-C8C4-4F3B-A3B5-51561A4C4FF3}.Debug|Mixed Platforms.Build.0 = Debug|x86
		{387F44C5-C8C4-4F3B-A3B5-51561A4C4FF3}.Debug|x86.ActiveCfg = Debug|x86
		{387F44C5-C8C4-4F3B-A3B5-51561A4C4FF3}.Debug|x86.Build.0 = Debug|x86
		{387F44C5-C8C4-4F3B-A3B5-51561A4C4FF3}.Release|Any CPU.ActiveCfg = Release|x86
		{387F44C5-C8C4-4F3B-A3B5-51561A4C4FF3}.Release|Any CPU.Build.0 = Release|x86
		{387F44C5-C8C4-4F3B-A3B5-51561A4C4FF3}.Release|Mixed Platforms.ActiveCfg = Release|x86
		{387F44C5-C8C4-4F3B-A3B5-51561A4C4FF3}.Release|Mixed Platforms.Build.0 = Release|x86
		{387F44C5-C8C4-4F3B-A3B5-51561A4C4FF3}.Release|x86.ActiveCfg = Release|x86
		{387F44C5-C8C4-4F3B-A3B5-51561A4C4FF3}.Release|x86.Build.0 = Release|x86
		{8ACA3AB4-47B5-43E4-88D6-C1A82BA8EBEA}.Debug|Any CPU.ActiveCfg = Debug|Any CPU
		{8ACA3AB4-47B5-43E4-88D6-C1A82BA8EBEA}.Debug|Any CPU.Build.0 = Debug|Any CPU
		{8ACA3AB4-47B5-43E4-88D6-C1A82BA8EBEA}.Debug|Mixed Platforms.ActiveCfg = Debug|Any CPU
		{8ACA3AB4-47B5-43E4-88D6-C1A82BA8EBEA}.Debug|Mixed Platforms.Build.0 = Debug|Any CPU
		{8ACA3AB4-47B5-43E4-88D6-C1A82BA8EBEA}.Debug|x86.ActiveCfg = Debug|Any CPU
		{8ACA3AB4-47B5-43E4-88D6-C1A82BA8EBEA}.Debug|x86.Build.0 = Debug|Any CPU
		{8ACA3AB4-47B5-43E4-88D6-C1A82BA8EBEA}.Release|Any CPU.ActiveCfg = Release|Any CPU
		{8ACA3AB4-47B5-43E4-88D6-C1A82BA8EBEA}.Release|Any CPU.Build.0 = Release|Any CPU
		{8ACA3AB4-47B5-43E4-88D6-C1A82BA8EBEA}.Release|Mixed Platforms.ActiveCfg = Release|Any CPU
		{8ACA3AB4-47B5-43E4-88D6-C1A82BA8EBEA}.Release|Mixed Platforms.Build.0 = Release|Any CPU
		{8ACA3AB4-47B5-43E4-88D6-C1A82BA8EBEA}.Release|x86.ActiveCfg = Release|Any CPU
		{8ACA3AB4-47B5-43E4-88D6-C1A82BA8EBEA}.Release|x86.Build.0 = Release|Any CPU
		{79AB7111-947F-4BD7-98EA-ADE724CFC728}.Debug|Any CPU.ActiveCfg = Debug|Any CPU
		{79AB7111-947F-4BD7-98EA-ADE724CFC728}.Debug|Any CPU.Build.0 = Debug|Any CPU
		{79AB7111-947F-4BD7-98EA-ADE724CFC728}.Debug|Mixed Platforms.ActiveCfg = Debug|Any CPU
		{79AB7111-947F-4BD7-98EA-ADE724CFC728}.Debug|Mixed Platforms.Build.0 = Debug|Any CPU
		{79AB7111-947F-4BD7-98EA-ADE724CFC728}.Debug|x86.ActiveCfg = Debug|Any CPU
		{79AB7111-947F-4BD7-98EA-ADE724CFC728}.Debug|x86.Build.0 = Debug|Any CPU
		{79AB7111-947F-4BD7-98EA-ADE724CFC728}.Release|Any CPU.ActiveCfg = Release|Any CPU
		{79AB7111-947F-4BD7-98EA-ADE724CFC728}.Release|Any CPU.Build.0 = Release|Any CPU
		{79AB7111-947F-4BD7-98EA-ADE724CFC728}.Release|Mixed Platforms.ActiveCfg = Release|Any CPU
		{79AB7111-947F-4BD7-98EA-ADE724CFC728}.Release|Mixed Platforms.Build.0 = Release|Any CPU
		{79AB7111-947F-4BD7-98EA-ADE724CFC728}.Release|x86.ActiveCfg = Release|Any CPU
		{79AB7111-947F-4BD7-98EA-ADE724CFC728}.Release|x86.Build.0 = Release|Any CPU
		{FF17ACE8-D4C9-4694-9B9C-27366FC258FB}.Debug|Any CPU.ActiveCfg = Debug|Any CPU
		{FF17ACE8-D4C9-4694-9B9C-27366FC258FB}.Debug|Any CPU.Build.0 = Debug|Any CPU
		{FF17ACE8-D4C9-4694-9B9C-27366FC258FB}.Debug|Mixed Platforms.ActiveCfg = Debug|Any CPU
		{FF17ACE8-D4C9-4694-9B9C-27366FC258FB}.Debug|Mixed Platforms.Build.0 = Debug|Any CPU
		{FF17ACE8-D4C9-4694-9B9C-27366FC258FB}.Debug|x86.ActiveCfg = Debug|Any CPU
		{FF17ACE8-D4C9-4694-9B9C-27366FC258FB}.Debug|x86.Build.0 = Debug|Any CPU
		{FF17ACE8-D4C9-4694-9B9C-27366FC258FB}.Release|Any CPU.ActiveCfg = Release|Any CPU
		{FF17ACE8-D4C9-4694-9B9C-27366FC258FB}.Release|Any CPU.Build.0 = Release|Any CPU
		{FF17ACE8-D4C9-4694-9B9C-27366FC258FB}.Release|Mixed Platforms.ActiveCfg = Release|Any CPU
		{FF17ACE8-D4C9-4694-9B9C-27366FC258FB}.Release|Mixed Platforms.Build.0 = Release|Any CPU
		{FF17ACE8-D4C9-4694-9B9C-27366FC258FB}.Release|x86.ActiveCfg = Release|Any CPU
		{FF17ACE8-D4C9-4694-9B9C-27366FC258FB}.Release|x86.Build.0 = Release|Any CPU
		{49D1E770-4020-4D32-B57F-AD59CF68F4C7}.Debug|Any CPU.ActiveCfg = Debug|Any CPU
		{49D1E770-4020-4D32-B57F-AD59CF68F4C7}.Debug|Any CPU.Build.0 = Debug|Any CPU
		{49D1E770-4020-4D32-B57F-AD59CF68F4C7}.Debug|Mixed Platforms.ActiveCfg = Debug|Any CPU
		{49D1E770-4020-4D32-B57F-AD59CF68F4C7}.Debug|Mixed Platforms.Build.0 = Debug|Any CPU
		{49D1E770-4020-4D32-B57F-AD59CF68F4C7}.Debug|x86.ActiveCfg = Debug|Any CPU
		{49D1E770-4020-4D32-B57F-AD59CF68F4C7}.Debug|x86.Build.0 = Debug|Any CPU
		{49D1E770-4020-4D32-B57F-AD59CF68F4C7}.Release|Any CPU.ActiveCfg = Release|Any CPU
		{49D1E770-4020-4D32-B57F-AD59CF68F4C7}.Release|Any CPU.Build.0 = Release|Any CPU
		{49D1E770-4020-4D32-B57F-AD59CF68F4C7}.Release|Mixed Platforms.ActiveCfg = Release|Any CPU
		{49D1E770-4020-4D32-B57F-AD59CF68F4C7}.Release|Mixed Platforms.Build.0 = Release|Any CPU
		{49D1E770-4020-4D32-B57F-AD59CF68F4C7}.Release|x86.ActiveCfg = Release|Any CPU
		{49D1E770-4020-4D32-B57F-AD59CF68F4C7}.Release|x86.Build.0 = Release|Any CPU
		{40EA0004-00FE-440C-9070-8D799A607C8D}.Debug|Any CPU.ActiveCfg = Debug|Any CPU
		{40EA0004-00FE-440C-9070-8D799A607C8D}.Debug|Any CPU.Build.0 = Debug|Any CPU
		{40EA0004-00FE-440C-9070-8D799A607C8D}.Debug|Mixed Platforms.ActiveCfg = Debug|Any CPU
		{40EA0004-00FE-440C-9070-8D799A607C8D}.Debug|Mixed Platforms.Build.0 = Debug|Any CPU
		{40EA0004-00FE-440C-9070-8D799A607C8D}.Debug|x86.ActiveCfg = Debug|Any CPU
		{40EA0004-00FE-440C-9070-8D799A607C8D}.Debug|x86.Build.0 = Debug|Any CPU
		{40EA0004-00FE-440C-9070-8D799A607C8D}.Release|Any CPU.ActiveCfg = Release|Any CPU
		{40EA0004-00FE-440C-9070-8D799A607C8D}.Release|Any CPU.Build.0 = Release|Any CPU
		{40EA0004-00FE-440C-9070-8D799A607C8D}.Release|Mixed Platforms.ActiveCfg = Release|Any CPU
		{40EA0004-00FE-440C-9070-8D799A607C8D}.Release|Mixed Platforms.Build.0 = Release|Any CPU
		{40EA0004-00FE-440C-9070-8D799A607C8D}.Release|x86.ActiveCfg = Release|Any CPU
		{40EA0004-00FE-440C-9070-8D799A607C8D}.Release|x86.Build.0 = Release|Any CPU
		{2E7102E1-BA8F-40C4-B7F6-1370052BC1B0}.Debug|Any CPU.ActiveCfg = Debug|Any CPU
		{2E7102E1-BA8F-40C4-B7F6-1370052BC1B0}.Debug|Any CPU.Build.0 = Debug|Any CPU
		{2E7102E1-BA8F-40C4-B7F6-1370052BC1B0}.Debug|Mixed Platforms.ActiveCfg = Debug|Any CPU
		{2E7102E1-BA8F-40C4-B7F6-1370052BC1B0}.Debug|Mixed Platforms.Build.0 = Debug|Any CPU
		{2E7102E1-BA8F-40C4-B7F6-1370052BC1B0}.Debug|x86.ActiveCfg = Debug|Any CPU
		{2E7102E1-BA8F-40C4-B7F6-1370052BC1B0}.Debug|x86.Build.0 = Debug|Any CPU
		{2E7102E1-BA8F-40C4-B7F6-1370052BC1B0}.Release|Any CPU.ActiveCfg = Release|Any CPU
		{2E7102E1-BA8F-40C4-B7F6-1370052BC1B0}.Release|Any CPU.Build.0 = Release|Any CPU
		{2E7102E1-BA8F-40C4-B7F6-1370052BC1B0}.Release|Mixed Platforms.ActiveCfg = Release|Any CPU
		{2E7102E1-BA8F-40C4-B7F6-1370052BC1B0}.Release|Mixed Platforms.Build.0 = Release|Any CPU
		{2E7102E1-BA8F-40C4-B7F6-1370052BC1B0}.Release|x86.ActiveCfg = Release|Any CPU
		{2E7102E1-BA8F-40C4-B7F6-1370052BC1B0}.Release|x86.Build.0 = Release|Any CPU
		{889F979E-56BA-48A3-9709-826B00B6F016}.Debug|Any CPU.ActiveCfg = Debug|Any CPU
		{889F979E-56BA-48A3-9709-826B00B6F016}.Debug|Any CPU.Build.0 = Debug|Any CPU
		{889F979E-56BA-48A3-9709-826B00B6F016}.Debug|Mixed Platforms.ActiveCfg = Debug|Any CPU
		{889F979E-56BA-48A3-9709-826B00B6F016}.Debug|Mixed Platforms.Build.0 = Debug|Any CPU
		{889F979E-56BA-48A3-9709-826B00B6F016}.Debug|x86.ActiveCfg = Debug|Any CPU
		{889F979E-56BA-48A3-9709-826B00B6F016}.Debug|x86.Build.0 = Debug|Any CPU
		{889F979E-56BA-48A3-9709-826B00B6F016}.Release|Any CPU.ActiveCfg = Release|Any CPU
		{889F979E-56BA-48A3-9709-826B00B6F016}.Release|Any CPU.Build.0 = Release|Any CPU
		{889F979E-56BA-48A3-9709-826B00B6F016}.Release|Mixed Platforms.ActiveCfg = Release|Any CPU
		{889F979E-56BA-48A3-9709-826B00B6F016}.Release|Mixed Platforms.Build.0 = Release|Any CPU
		{889F979E-56BA-48A3-9709-826B00B6F016}.Release|x86.ActiveCfg = Release|Any CPU
		{889F979E-56BA-48A3-9709-826B00B6F016}.Release|x86.Build.0 = Release|Any CPU
		{FBF921C0-4761-449D-8007-A062A7D32911}.Debug|Any CPU.ActiveCfg = Debug|Any CPU
		{FBF921C0-4761-449D-8007-A062A7D32911}.Debug|Any CPU.Build.0 = Debug|Any CPU
		{FBF921C0-4761-449D-8007-A062A7D32911}.Debug|Mixed Platforms.ActiveCfg = Debug|Any CPU
		{FBF921C0-4761-449D-8007-A062A7D32911}.Debug|Mixed Platforms.Build.0 = Debug|Any CPU
		{FBF921C0-4761-449D-8007-A062A7D32911}.Debug|x86.ActiveCfg = Debug|Any CPU
		{FBF921C0-4761-449D-8007-A062A7D32911}.Debug|x86.Build.0 = Debug|Any CPU
		{FBF921C0-4761-449D-8007-A062A7D32911}.Release|Any CPU.ActiveCfg = Release|Any CPU
		{FBF921C0-4761-449D-8007-A062A7D32911}.Release|Any CPU.Build.0 = Release|Any CPU
		{FBF921C0-4761-449D-8007-A062A7D32911}.Release|Mixed Platforms.ActiveCfg = Release|Any CPU
		{FBF921C0-4761-449D-8007-A062A7D32911}.Release|Mixed Platforms.Build.0 = Release|Any CPU
		{FBF921C0-4761-449D-8007-A062A7D32911}.Release|x86.ActiveCfg = Release|Any CPU
		{FBF921C0-4761-449D-8007-A062A7D32911}.Release|x86.Build.0 = Release|Any CPU
		{B3676CEB-CB42-4463-BEB6-8B870C5DF17C}.Debug|Any CPU.ActiveCfg = Debug|Any CPU
		{B3676CEB-CB42-4463-BEB6-8B870C5DF17C}.Debug|Any CPU.Build.0 = Debug|Any CPU
		{B3676CEB-CB42-4463-BEB6-8B870C5DF17C}.Debug|Mixed Platforms.ActiveCfg = Debug|Any CPU
		{B3676CEB-CB42-4463-BEB6-8B870C5DF17C}.Debug|Mixed Platforms.Build.0 = Debug|Any CPU
		{B3676CEB-CB42-4463-BEB6-8B870C5DF17C}.Debug|x86.ActiveCfg = Debug|Any CPU
		{B3676CEB-CB42-4463-BEB6-8B870C5DF17C}.Debug|x86.Build.0 = Debug|Any CPU
		{B3676CEB-CB42-4463-BEB6-8B870C5DF17C}.Release|Any CPU.ActiveCfg = Release|Any CPU
		{B3676CEB-CB42-4463-BEB6-8B870C5DF17C}.Release|Any CPU.Build.0 = Release|Any CPU
		{B3676CEB-CB42-4463-BEB6-8B870C5DF17C}.Release|Mixed Platforms.ActiveCfg = Release|Any CPU
		{B3676CEB-CB42-4463-BEB6-8B870C5DF17C}.Release|Mixed Platforms.Build.0 = Release|Any CPU
		{B3676CEB-CB42-4463-BEB6-8B870C5DF17C}.Release|x86.ActiveCfg = Release|Any CPU
		{B3676CEB-CB42-4463-BEB6-8B870C5DF17C}.Release|x86.Build.0 = Release|Any CPU
		{E5D9E463-D258-4799-B64B-9E359127E701}.Debug|Any CPU.ActiveCfg = Debug|Any CPU
		{E5D9E463-D258-4799-B64B-9E359127E701}.Debug|Any CPU.Build.0 = Debug|Any CPU
		{E5D9E463-D258-4799-B64B-9E359127E701}.Debug|Mixed Platforms.ActiveCfg = Debug|Any CPU
		{E5D9E463-D258-4799-B64B-9E359127E701}.Debug|Mixed Platforms.Build.0 = Debug|Any CPU
		{E5D9E463-D258-4799-B64B-9E359127E701}.Debug|x86.ActiveCfg = Debug|Any CPU
		{E5D9E463-D258-4799-B64B-9E359127E701}.Debug|x86.Build.0 = Debug|Any CPU
		{E5D9E463-D258-4799-B64B-9E359127E701}.Release|Any CPU.ActiveCfg = Release|Any CPU
		{E5D9E463-D258-4799-B64B-9E359127E701}.Release|Any CPU.Build.0 = Release|Any CPU
		{E5D9E463-D258-4799-B64B-9E359127E701}.Release|Mixed Platforms.ActiveCfg = Release|Any CPU
		{E5D9E463-D258-4799-B64B-9E359127E701}.Release|Mixed Platforms.Build.0 = Release|Any CPU
		{E5D9E463-D258-4799-B64B-9E359127E701}.Release|x86.ActiveCfg = Release|Any CPU
		{E5D9E463-D258-4799-B64B-9E359127E701}.Release|x86.Build.0 = Release|Any CPU
		{3C7906D1-61FC-4C6D-A506-A4EB94288AD0}.Debug|Any CPU.ActiveCfg = Debug|Any CPU
		{3C7906D1-61FC-4C6D-A506-A4EB94288AD0}.Debug|Any CPU.Build.0 = Debug|Any CPU
		{3C7906D1-61FC-4C6D-A506-A4EB94288AD0}.Debug|Mixed Platforms.ActiveCfg = Debug|Any CPU
		{3C7906D1-61FC-4C6D-A506-A4EB94288AD0}.Debug|Mixed Platforms.Build.0 = Debug|Any CPU
		{3C7906D1-61FC-4C6D-A506-A4EB94288AD0}.Debug|x86.ActiveCfg = Debug|Any CPU
		{3C7906D1-61FC-4C6D-A506-A4EB94288AD0}.Debug|x86.Build.0 = Debug|Any CPU
		{3C7906D1-61FC-4C6D-A506-A4EB94288AD0}.Release|Any CPU.ActiveCfg = Release|Any CPU
		{3C7906D1-61FC-4C6D-A506-A4EB94288AD0}.Release|Any CPU.Build.0 = Release|Any CPU
		{3C7906D1-61FC-4C6D-A506-A4EB94288AD0}.Release|Mixed Platforms.ActiveCfg = Release|Any CPU
		{3C7906D1-61FC-4C6D-A506-A4EB94288AD0}.Release|Mixed Platforms.Build.0 = Release|Any CPU
		{3C7906D1-61FC-4C6D-A506-A4EB94288AD0}.Release|x86.ActiveCfg = Release|Any CPU
		{3C7906D1-61FC-4C6D-A506-A4EB94288AD0}.Release|x86.Build.0 = Release|Any CPU
	EndGlobalSection
	GlobalSection(SolutionProperties) = preSolution
		HideSolutionNode = FALSE
	EndGlobalSection
	GlobalSection(NestedProjects) = preSolution
		{DE1B1174-9D3B-439A-8D2C-C08E49A91ED7} = {0D956E4C-8DDF-42D9-9669-F4CEB7A68370}
		{33279F0B-E19C-4913-A367-62486897E6AF} = {0D956E4C-8DDF-42D9-9669-F4CEB7A68370}
		{F9F8E166-54F4-42C3-8FEE-714F57F90BE3} = {DE1B1174-9D3B-439A-8D2C-C08E49A91ED7}
		{3C030CEA-8377-4126-A71F-BF788924ED1D} = {DE1B1174-9D3B-439A-8D2C-C08E49A91ED7}
		{C9743F55-6874-4B4A-9E97-01F423E60DCC} = {DE1B1174-9D3B-439A-8D2C-C08E49A91ED7}
		{F3BAD49C-155D-4F32-A4BE-13C8C4DFB454} = {0D956E4C-8DDF-42D9-9669-F4CEB7A68370}
		{ACB95BEA-F7BB-4B08-9737-D3AC0091892D} = {0D956E4C-8DDF-42D9-9669-F4CEB7A68370}
		{5BAA52EF-5C81-426E-B250-598EAD5903FF} = {0D956E4C-8DDF-42D9-9669-F4CEB7A68370}
		{387F44C5-C8C4-4F3B-A3B5-51561A4C4FF3} = {0D956E4C-8DDF-42D9-9669-F4CEB7A68370}
		{8ACA3AB4-47B5-43E4-88D6-C1A82BA8EBEA} = {0D956E4C-8DDF-42D9-9669-F4CEB7A68370}
		{79AB7111-947F-4BD7-98EA-ADE724CFC728} = {DE1B1174-9D3B-439A-8D2C-C08E49A91ED7}
		{FF17ACE8-D4C9-4694-9B9C-27366FC258FB} = {DE1B1174-9D3B-439A-8D2C-C08E49A91ED7}
		{49D1E770-4020-4D32-B57F-AD59CF68F4C7} = {3903CE9B-DDB1-4EB2-9DC3-877066365113}
		{40EA0004-00FE-440C-9070-8D799A607C8D} = {DE1B1174-9D3B-439A-8D2C-C08E49A91ED7}
		{2E7102E1-BA8F-40C4-B7F6-1370052BC1B0} = {DE1B1174-9D3B-439A-8D2C-C08E49A91ED7}
		{889F979E-56BA-48A3-9709-826B00B6F016} = {3903CE9B-DDB1-4EB2-9DC3-877066365113}
		{FBF921C0-4761-449D-8007-A062A7D32911} = {3903CE9B-DDB1-4EB2-9DC3-877066365113}
		{B3676CEB-CB42-4463-BEB6-8B870C5DF17C} = {3903CE9B-DDB1-4EB2-9DC3-877066365113}
		{E5D9E463-D258-4799-B64B-9E359127E701} = {DE1B1174-9D3B-439A-8D2C-C08E49A91ED7}
		{3C7906D1-61FC-4C6D-A506-A4EB94288AD0} = {DE1B1174-9D3B-439A-8D2C-C08E49A91ED7}
	EndGlobalSection
	GlobalSection(ExtensibilityGlobals) = postSolution
		SolutionGuid = {6D0E60B5-4A3A-45E2-8DD2-FF3951177508}
		EnterpriseLibraryConfigurationToolBinariesPath = packages\Unity.2.1.505.2\lib\NET35
		EnterpriseLibraryConfigurationToolBinariesPathV6 = packages\EnterpriseLibrary.TransientFaultHandling.6.0.1304.0\lib\portable-net45+win+wp8;packages\EnterpriseLibrary.TransientFaultHandling.Data.6.0.1304.1\lib\NET45
	EndGlobalSection
	GlobalSection(SubversionScc) = preSolution
		Svn-Managed = True
		Manager = AnkhSVN - Subversion Support for Visual Studio
	EndGlobalSection
	GlobalSection(TestCaseManagementSettings) = postSolution
		CategoryFile = HKHProjects.vsmdi
	EndGlobalSection
EndGlobal
